# This file is autogenerated, do not edit; changes may be undone by the next 'dep ensure'.


[[projects]]
  digest = "1:aaed192cf5cddb274ec614fd9b080b77d991d8b4bbfd448714db5c96cfb5ec2b"
  name = "github.com/orisano/usage"
  packages = ["."]
  pruneopts = "UT"
  revision = "b71537bf63f73f1f118b73614ca41649ce933c12"
  version = "1.1.0"

[solve-meta]
  analyzer-name = "dep"
  analyzer-version = 1
  input-imports = ["github.com/orisano/usage"]
  solver-name = "gps-cdcl"
  solver-version = 1
