# This file is autogenerated, do not edit; changes may be undone by the next 'dep ensure'.


[[projects]]
  digest = "1:08e09eca4c60d5888522b035bb219eadf35e9a875d3c55787f807e245bfec5e3"
  name = "github.com/orisano/usage"
  packages = ["."]
  pruneopts = "UT"
  revision = "c57fc483ae3138d1d288a44f50563ea8e478002f"
  version = "1.0.0"

[solve-meta]
  analyzer-name = "dep"
  analyzer-version = 1
  input-imports = ["github.com/orisano/usage"]
  solver-name = "gps-cdcl"
  solver-version = 1
